
Microsoft Visual Studio Solution File, Format Version 12.00
# Visual Studio 15
VisualStudioVersion = 15.0.26730.16
MinimumVisualStudioVersion = 10.0.40219.1
Project("{FAE04EC0-301F-11D3-BF4B-00C04F79EFBC}") = "Pizzas", "Pizzas\Pizzas.csproj", "{03FCAFC8-1E99-4D9E-9C14-710AD1A24DCA}"
EndProject
Global
	GlobalSection(SolutionConfigurationPlatforms) = preSolution
		Debug|Any CPU = Debug|Any CPU
		Release|Any CPU = Release|Any CPU
	EndGlobalSection
	GlobalSection(ProjectConfigurationPlatforms) = postSolution
		{03FCAFC8-1E99-4D9E-9C14-710AD1A24DCA}.Debug|Any CPU.ActiveCfg = Debug|Any CPU
		{03FCAFC8-1E99-4D9E-9C14-710AD1A24DCA}.Debug|Any CPU.Build.0 = Debug|Any CPU
		{03FCAFC8-1E99-4D9E-9C14-710AD1A24DCA}.Release|Any CPU.ActiveCfg = Release|Any CPU
		{03FCAFC8-1E99-4D9E-9C14-710AD1A24DCA}.Release|Any CPU.Build.0 = Release|Any CPU
	EndGlobalSection
	GlobalSection(SolutionProperties) = preSolution
		HideSolutionNode = FALSE
	EndGlobalSection
	GlobalSection(ExtensibilityGlobals) = postSolution
		SolutionGuid = {C1687474-627D-46A8-8C17-605DFBEF8B4E}
	EndGlobalSection
EndGlobal
